Microsoft Visual Studio Solution File, Format Version 12.00
# Visual Studio Version 17
VisualStudioVersion = 17.5.2.0
MinimumVisualStudioVersion = 10.0.40219.1
Project("{FAE04EC0-301F-11D3-BF4B-00C04F79EFBC}") = "valoures", "valoures.csproj", "{7862AB77-4416-ECB2-E235-496E80D9474B}"
EndProject
Global
	GlobalSection(SolutionConfigurationPlatforms) = preSolution
		Debug|Any CPU = Debug|Any CPU
		Release|Any CPU = Release|Any CPU
	EndGlobalSection
	GlobalSection(ProjectConfigurationPlatforms) = postSolution
		{7862AB77-4416-ECB2-E235-496E80D9474B}.Debug|Any CPU.ActiveCfg = Debug|Any CPU
		{7862AB77-4416-ECB2-E235-496E80D9474B}.Debug|Any CPU.Build.0 = Debug|Any CPU
		{7862AB77-4416-ECB2-E235-496E80D9474B}.Release|Any CPU.ActiveCfg = Release|Any CPU
		{7862AB77-4416-ECB2-E235-496E80D9474B}.Release|Any CPU.Build.0 = Release|Any CPU
	EndGlobalSection
	GlobalSection(SolutionProperties) = preSolution
		HideSolutionNode = FALSE
	EndGlobalSection
	GlobalSection(ExtensibilityGlobals) = postSolution
		SolutionGuid = {BBC49EA1-C1F2-435D-AD1F-D70E22885275}
	EndGlobalSection
EndGlobal
